hash: 17f24894e21d7810fc0b5a1f1fea832b0290652be93cd54e563b83483b27a223
updated: 2017-04-09T22:18:59.727925466-05:00
imports:
- name: github.com/gorilla/context
  version: 08b5f424b9271eedf6f9f0ce86cb9396ed337a42
- name: github.com/gorilla/mux
  version: 392c28fe23e1c45ddba891b0320b3b5df220beea
- name: github.com/gorilla/websocket
  version: 3ab3a8b8831546bd18fd182c20687ca853b2bb13
- name: github.com/nlopes/slack
  version: 3e8aa5655be613e1d4ce0b740993bb734a2b0f7b
- name: golang.org/x/net
  version: d1e1b351919c6738fdeb9893d5c998b161464f0c
  subpackages:
  - websocket
testImports: []
