hash: 97e13eedc84f59706701c30822a7b7aa92178eaa4a836ceb21b0878bcc1fdfc8
updated: 2017-04-17T23:22:23.074517778-05:00
imports:
- name: github.com/gorilla/context
  version: 08b5f424b9271eedf6f9f0ce86cb9396ed337a42
- name: github.com/gorilla/mux
  version: 392c28fe23e1c45ddba891b0320b3b5df220beea
- name: github.com/gorilla/websocket
  version: 3ab3a8b8831546bd18fd182c20687ca853b2bb13
- name: github.com/inconshreveable/mousetrap
  version: 76626ae9c91c4f2a10f34cad8ce83ea42c93bb75
- name: github.com/jinzhu/gorm
  version: 5174cc5c242a728b435ea2be8a2f7f998e15429b
  subpackages:
  - dialects/postgres
- name: github.com/jinzhu/inflection
  version: 1c35d901db3da928c72a72d8458480cc9ade058f
- name: github.com/lib/pq
  version: 2704adc878c21e1329f46f6e56a1c387d788ff94
  subpackages:
  - hstore
  - oid
- name: github.com/nlopes/slack
  version: 8c25eff4976762d1a090aeae6f49174a37a1d710
- name: github.com/spf13/cobra
  version: b6cb3958937245a12d4d7728be080a6c758f4136
- name: github.com/spf13/pflag
  version: 9e4c21054fa135711121b557932b1887f2405d92
- name: golang.org/x/net
  version: d1e1b351919c6738fdeb9893d5c998b161464f0c
  subpackages:
  - websocket
- name: gopkg.in/gormigrate.v1
  version: 8d65e80265237e0c9ccc7fca4771de6d2939576c
testImports: []
